
Microsoft Visual Studio Solution File, Format Version 12.00
# Visual Studio 15
VisualStudioVersion = 15.0.28307.168
MinimumVisualStudioVersion = 10.0.40219.1
Project("{FAE04EC0-301F-11D3-BF4B-00C04F79EFBC}") = "VS.Menu", "src\VS.Menu\VS.Menu.csproj", "{71321DB0-ECC8-46A3-AA89-C1C266A93D0A}"
EndProject
Global
	GlobalSection(SolutionConfigurationPlatforms) = preSolution
		Debug|Any CPU = Debug|Any CPU
		Release|Any CPU = Release|Any CPU
	EndGlobalSection
	GlobalSection(ProjectConfigurationPlatforms) = postSolution
		{71321DB0-ECC8-46A3-AA89-C1C266A93D0A}.Debug|Any CPU.ActiveCfg = Debug|Any CPU
		{71321DB0-ECC8-46A3-AA89-C1C266A93D0A}.Debug|Any CPU.Build.0 = Debug|Any CPU
		{71321DB0-ECC8-46A3-AA89-C1C266A93D0A}.Release|Any CPU.ActiveCfg = Release|Any CPU
		{71321DB0-ECC8-46A3-AA89-C1C266A93D0A}.Release|Any CPU.Build.0 = Release|Any CPU
	EndGlobalSection
	GlobalSection(SolutionProperties) = preSolution
		HideSolutionNode = FALSE
	EndGlobalSection
	GlobalSection(ExtensibilityGlobals) = postSolution
		SolutionGuid = {469B52EE-7A2A-439A-A00F-F45135FDCF2E}
	EndGlobalSection
EndGlobal
